// !$*UTF8*$!
{
	archiveVersion = 1;
	classes = {
	};
	objectVersion = 50;
	objects = {

/* Begin PBXBuildFile section */
		D771F19B21725773008A9FF1 /* AppDelegate.swift in Sources */ = {isa = PBXBuildFile; fileRef = D771F19A21725773008A9FF1 /* AppDelegate.swift */; };
		D771F19D21725773008A9FF1 /* ViewController.swift in Sources */ = {isa = PBXBuildFile; fileRef = D771F19C21725773008A9FF1 /* ViewController.swift */; };
		D771F1A021725773008A9FF1 /* Main.storyboard in Resources */ = {isa = PBXBuildFile; fileRef = D771F19E21725773008A9FF1 /* Main.storyboard */; };
		D771F1A221725773008A9FF1 /* Assets.xcassets in Resources */ = {isa = PBXBuildFile; fileRef = D771F1A121725773008A9FF1 /* Assets.xcassets */; };
		D771F1A521725773008A9FF1 /* LaunchScreen.storyboard in Resources */ = {isa = PBXBuildFile; fileRef = D771F1A321725773008A9FF1 /* LaunchScreen.storyboard */; };
		D771F1B021725774008A9FF1 /* My_Path_ForwardTests.swift in Sources */ = {isa = PBXBuildFile; fileRef = D771F1AF21725774008A9FF1 /* My_Path_ForwardTests.swift */; };
		D771F1BB21725774008A9FF1 /* My_Path_ForwardUITests.swift in Sources */ = {isa = PBXBuildFile; fileRef = D771F1BA21725774008A9FF1 /* My_Path_ForwardUITests.swift */; };
/* End PBXBuildFile section */

/* Begin PBXContainerItemProxy section */
		D771F1AC21725774008A9FF1 /* PBXContainerItemProxy */ = {
			isa = PBXContainerItemProxy;
			containerPortal = D771F18F21725773008A9FF1 /* Project object */;
			proxyType = 1;
			remoteGlobalIDString = D771F19621725773008A9FF1;
			remoteInfo = "My Path Forward";
		};
		D771F1B721725774008A9FF1 /* PBXContainerItemProxy */ = {
			isa = PBXContainerItemProxy;
			containerPortal = D771F18F21725773008A9FF1 /* Project object */;
			proxyType = 1;
			remoteGlobalIDString = D771F19621725773008A9FF1;
			remoteInfo = "My Path Forward";
		};
/* End PBXContainerItemProxy section */

/* Begin PBXFileReference section */
		D771F19721725773008A9FF1 /* My Path Forward.app */ = {isa = PBXFileReference; explicitFileType = wrapper.application; includeInIndex = 0; path = "My Path Forward.app"; sourceTree = BUILT_PRODUCTS_DIR; };
		D771F19A21725773008A9FF1 /* AppDelegate.swift */ = {isa = PBXFileReference; lastKnownFileType = sourcecode.swift; path = AppDelegate.swift; sourceTree = "<group>"; };
		D771F19C21725773008A9FF1 /* ViewController.swift */ = {isa = PBXFileReference; lastKnownFileType = sourcecode.swift; path = ViewController.swift; sourceTree = "<group>"; };
		D771F19F21725773008A9FF1 /* Base */ = {isa = PBXFileReference; lastKnownFileType = file.storyboard; name = Base; path = Base.lproj/Main.storyboard; sourceTree = "<group>"; };
		D771F1A121725773008A9FF1 /* Assets.xcassets */ = {isa = PBXFileReference; lastKnownFileType = folder.assetcatalog; path = Assets.xcassets; sourceTree = "<group>"; };
		D771F1A421725773008A9FF1 /* Base */ = {isa = PBXFileReference; lastKnownFileType = file.storyboard; name = Base; path = Base.lproj/LaunchScreen.storyboard; sourceTree = "<group>"; };
		D771F1A621725773008A9FF1 /* Info.plist */ = {isa = PBXFileReference; lastKnownFileType = text.plist.xml; path = Info.plist; sourceTree = "<group>"; };
		D771F1AB21725774008A9FF1 /* My Path ForwardTests.xctest */ = {isa = PBXFileReference; explicitFileType = wrapper.cfbundle; includeInIndex = 0; path = "My Path ForwardTests.xctest"; sourceTree = BUILT_PRODUCTS_DIR; };
		D771F1AF21725774008A9FF1 /* My_Path_ForwardTests.swift */ = {isa = PBXFileReference; lastKnownFileType = sourcecode.swift; path = My_Path_ForwardTests.swift; sourceTree = "<group>"; };
		D771F1B121725774008A9FF1 /* Info.plist */ = {isa = PBXFileReference; lastKnownFileType = text.plist.xml; path = Info.plist; sourceTree = "<group>"; };
		D771F1B621725774008A9FF1 /* My Path ForwardUITests.xctest */ = {isa = PBXFileReference; explicitFileType = wrapper.cfbundle; includeInIndex = 0; path = "My Path ForwardUITests.xctest"; sourceTree = BUILT_PRODUCTS_DIR; };
		D771F1BA21725774008A9FF1 /* My_Path_ForwardUITests.swift */ = {isa = PBXFileReference; lastKnownFileType = sourcecode.swift; path = My_Path_ForwardUITests.swift; sourceTree = "<group>"; };
		D771F1BC21725774008A9FF1 /* Info.plist */ = {isa = PBXFileReference; lastKnownFileType = text.plist.xml; path = Info.plist; sourceTree = "<group>"; };
/* End PBXFileReference section */

/* Begin PBXFrameworksBuildPhase section */
		D771F19421725773008A9FF1 /* Frameworks */ = {
			isa = PBXFrameworksBuildPhase;
			buildActionMask = 2147483647;
			files = (
			);
			runOnlyForDeploymentPostprocessing = 0;
		};
		D771F1A821725774008A9FF1 /* Frameworks */ = {
			isa = PBXFrameworksBuildPhase;
			buildActionMask = 2147483647;
			files = (
			);
			runOnlyForDeploymentPostprocessing = 0;
		};
		D771F1B321725774008A9FF1 /* Frameworks */ = {
			isa = PBXFrameworksBuildPhase;
			buildActionMask = 2147483647;
			files = (
			);
			runOnlyForDeploymentPostprocessing = 0;
		};
/* End PBXFrameworksBuildPhase section */

/* Begin PBXGroup section */
		D771F18E21725773008A9FF1 = {
			isa = PBXGroup;
			children = (
				D771F19921725773008A9FF1 /* My Path Forward */,
				D771F1AE21725774008A9FF1 /* My Path ForwardTests */,
				D771F1B921725774008A9FF1 /* My Path ForwardUITests */,
				D771F19821725773008A9FF1 /* Products */,
			);
			sourceTree = "<group>";
		};
		D771F19821725773008A9FF1 /* Products */ = {
			isa = PBXGroup;
			children = (
				D771F19721725773008A9FF1 /* My Path Forward.app */,
				D771F1AB21725774008A9FF1 /* My Path ForwardTests.xctest */,
				D771F1B621725774008A9FF1 /* My Path ForwardUITests.xctest */,
			);
			name = Products;
			sourceTree = "<group>";
		};
		D771F19921725773008A9FF1 /* My Path Forward */ = {
			isa = PBXGroup;
			children = (
				D771F19A21725773008A9FF1 /* AppDelegate.swift */,
				D771F19C21725773008A9FF1 /* ViewController.swift */,
				D771F19E21725773008A9FF1 /* Main.storyboard */,
				D771F1A121725773008A9FF1 /* Assets.xcassets */,
				D771F1A321725773008A9FF1 /* LaunchScreen.storyboard */,
				D771F1A621725773008A9FF1 /* Info.plist */,
			);
			path = "My Path Forward";
			sourceTree = "<group>";
		};
		D771F1AE21725774008A9FF1 /* My Path ForwardTests */ = {
			isa = PBXGroup;
			children = (
				D771F1AF21725774008A9FF1 /* My_Path_ForwardTests.swift */,
				D771F1B121725774008A9FF1 /* Info.plist */,
			);
			path = "My Path ForwardTests";
			sourceTree = "<group>";
		};
		D771F1B921725774008A9FF1 /* My Path ForwardUITests */ = {
			isa = PBXGroup;
			children = (
				D771F1BA21725774008A9FF1 /* My_Path_ForwardUITests.swift */,
				D771F1BC21725774008A9FF1 /* Info.plist */,
			);
			path = "My Path ForwardUITests";
			sourceTree = "<group>";
		};
/* End PBXGroup section */

/* Begin PBXNativeTarget section */
		D771F19621725773008A9FF1 /* My Path Forward */ = {
			isa = PBXNativeTarget;
			buildConfigurationList = D771F1BF21725774008A9FF1 /* Build configuration list for PBXNativeTarget "My Path Forward" */;
			buildPhases = (
				D771F19321725773008A9FF1 /* Sources */,
				D771F19421725773008A9FF1 /* Frameworks */,
				D771F19521725773008A9FF1 /* Resources */,
			);
			buildRules = (
			);
			dependencies = (
			);
			name = "My Path Forward";
			productName = "My Path Forward";
			productReference = D771F19721725773008A9FF1 /* My Path Forward.app */;
			productType = "com.apple.product-type.application";
		};
		D771F1AA21725774008A9FF1 /* My Path ForwardTests */ = {
			isa = PBXNativeTarget;
			buildConfigurationList = D771F1C221725774008A9FF1 /* Build configuration list for PBXNativeTarget "My Path ForwardTests" */;
			buildPhases = (
				D771F1A721725774008A9FF1 /* Sources */,
				D771F1A821725774008A9FF1 /* Frameworks */,
				D771F1A921725774008A9FF1 /* Resources */,
			);
			buildRules = (
			);
			dependencies = (
				D771F1AD21725774008A9FF1 /* PBXTargetDependency */,
			);
			name = "My Path ForwardTests";
			productName = "My Path ForwardTests";
			productReference = D771F1AB21725774008A9FF1 /* My Path ForwardTests.xctest */;
			productType = "com.apple.product-type.bundle.unit-test";
		};
		D771F1B521725774008A9FF1 /* My Path ForwardUITests */ = {
			isa = PBXNativeTarget;
			buildConfigurationList = D771F1C521725774008A9FF1 /* Build configuration list for PBXNativeTarget "My Path ForwardUITests" */;
			buildPhases = (
				D771F1B221725774008A9FF1 /* Sources */,
				D771F1B321725774008A9FF1 /* Frameworks */,
				D771F1B421725774008A9FF1 /* Resources */,
			);
			buildRules = (
			);
			dependencies = (
				D771F1B821725774008A9FF1 /* PBXTargetDependency */,
			);
			name = "My Path ForwardUITests";
			productName = "My Path ForwardUITests";
			productReference = D771F1B621725774008A9FF1 /* My Path ForwardUITests.xctest */;
			productType = "com.apple.product-type.bundle.ui-testing";
		};
/* End PBXNativeTarget section */

/* Begin PBXProject section */
		D771F18F21725773008A9FF1 /* Project object */ = {
			isa = PBXProject;
			attributes = {
				LastSwiftUpdateCheck = 1000;
				LastUpgradeCheck = 1000;
				ORGANIZATIONNAME = "Petshack Dev";
				TargetAttributes = {
					D771F19621725773008A9FF1 = {
						CreatedOnToolsVersion = 10.0;
					};
					D771F1AA21725774008A9FF1 = {
						CreatedOnToolsVersion = 10.0;
						TestTargetID = D771F19621725773008A9FF1;
					};
					D771F1B521725774008A9FF1 = {
						CreatedOnToolsVersion = 10.0;
						TestTargetID = D771F19621725773008A9FF1;
					};
				};
			};
			buildConfigurationList = D771F19221725773008A9FF1 /* Build configuration list for PBXProject "My Path Forward" */;
			compatibilityVersion = "Xcode 9.3";
			developmentRegion = en;
			hasScannedForEncodings = 0;
			knownRegions = (
				en,
				Base,
			);
			mainGroup = D771F18E21725773008A9FF1;
			productRefGroup = D771F19821725773008A9FF1 /* Products */;
			projectDirPath = "";
			projectRoot = "";
			targets = (
				D771F19621725773008A9FF1 /* My Path Forward */,
				D771F1AA21725774008A9FF1 /* My Path ForwardTests */,
				D771F1B521725774008A9FF1 /* My Path ForwardUITests */,
			);
		};
/* End PBXProject section */

/* Begin PBXResourcesBuildPhase section */
		D771F19521725773008A9FF1 /* Resources */ = {
			isa = PBXResourcesBuildPhase;
			buildActionMask = 2147483647;
			files = (
				D771F1A521725773008A9FF1 /* LaunchScreen.storyboard in Resources */,
				D771F1A221725773008A9FF1 /* Assets.xcassets in Resources */,
				D771F1A021725773008A9FF1 /* Main.storyboard in Resources */,
			);
			runOnlyForDeploymentPostprocessing = 0;
		};
		D771F1A921725774008A9FF1 /* Resources */ = {
			isa = PBXResourcesBuildPhase;
			buildActionMask = 2147483647;
			files = (
			);
			runOnlyForDeploymentPostprocessing = 0;
		};
		D771F1B421725774008A9FF1 /* Resources */ = {
			isa = PBXResourcesBuildPhase;
			buildActionMask = 2147483647;
			files = (
			);
			runOnlyForDeploymentPostprocessing = 0;
		};
/* End PBXResourcesBuildPhase section */

/* Begin PBXSourcesBuildPhase section */
		D771F19321725773008A9FF1 /* Sources */ = {
			isa = PBXSourcesBuildPhase;
			buildActionMask = 2147483647;
			files = (
				D771F19D21725773008A9FF1 /* ViewController.swift in Sources */,
				D771F19B21725773008A9FF1 /* AppDelegate.swift in Sources */,
			);
			runOnlyForDeploymentPostprocessing = 0;
		};
		D771F1A721725774008A9FF1 /* Sources */ = {
			isa = PBXSourcesBuildPhase;
			buildActionMask = 2147483647;
			files = (
				D771F1B021725774008A9FF1 /* My_Path_ForwardTests.swift in Sources */,
			);
			runOnlyForDeploymentPostprocessing = 0;
		};
		D771F1B221725774008A9FF1 /* Sources */ = {
			isa = PBXSourcesBuildPhase;
			buildActionMask = 2147483647;
			files = (
				D771F1BB21725774008A9FF1 /* My_Path_ForwardUITests.swift in Sources */,
			);
			runOnlyForDeploymentPostprocessing = 0;
		};
/* End PBXSourcesBuildPhase section */

/* Begin PBXTargetDependency section */
		D771F1AD21725774008A9FF1 /* PBXTargetDependency */ = {
			isa = PBXTargetDependency;
			target = D771F19621725773008A9FF1 /* My Path Forward */;
			targetProxy = D771F1AC21725774008A9FF1 /* PBXContainerItemProxy */;
		};
		D771F1B821725774008A9FF1 /* PBXTargetDependency */ = {
			isa = PBXTargetDependency;
			target = D771F19621725773008A9FF1 /* My Path Forward */;
			targetProxy = D771F1B721725774008A9FF1 /* PBXContainerItemProxy */;
		};
/* End PBXTargetDependency section */

/* Begin PBXVariantGroup section */
		D771F19E21725773008A9FF1 /* Main.storyboard */ = {
			isa = PBXVariantGroup;
			children = (
				D771F19F21725773008A9FF1 /* Base */,
			);
			name = Main.storyboard;
			sourceTree = "<group>";
		};
		D771F1A321725773008A9FF1 /* LaunchScreen.storyboard */ = {
			isa = PBXVariantGroup;
			children = (
				D771F1A421725773008A9FF1 /* Base */,
			);
			name = LaunchScreen.storyboard;
			sourceTree = "<group>";
		};
/* End PBXVariantGroup section */

/* Begin XCBuildConfiguration section */
		D771F1BD21725774008A9FF1 /* Debug */ = {
			isa = XCBuildConfiguration;
			buildSettings = {
				ALWAYS_SEARCH_USER_PATHS = NO;
				CLANG_ANALYZER_NONNULL = YES;
				CLANG_ANALYZER_NUMBER_OBJECT_CONVERSION = YES_AGGRESSIVE;
				CLANG_CXX_LANGUAGE_STANDARD = "gnu++14";
				CLANG_CXX_LIBRARY = "libc++";
				CLANG_ENABLE_MODULES = YES;
				CLANG_ENABLE_OBJC_ARC = YES;
				CLANG_ENABLE_OBJC_WEAK = YES;
				CLANG_WARN_BLOCK_CAPTURE_AUTORELEASING = YES;
				CLANG_WARN_BOOL_CONVERSION = YES;
				CLANG_WARN_COMMA = YES;
				CLANG_WARN_CONSTANT_CONVERSION = YES;
				CLANG_WARN_DEPRECATED_OBJC_IMPLEMENTATIONS = YES;
				CLANG_WARN_DIRECT_OBJC_ISA_USAGE = YES_ERROR;
				CLANG_WARN_DOCUMENTATION_COMMENTS = YES;
				CLANG_WARN_EMPTY_BODY = YES;
				CLANG_WARN_ENUM_CONVERSION = YES;
				CLANG_WARN_INFINITE_RECURSION = YES;
				CLANG_WARN_INT_CONVERSION = YES;
				CLANG_WARN_NON_LITERAL_NULL_CONVERSION = YES;
				CLANG_WARN_OBJC_IMPLICIT_RETAIN_SELF = YES;
				CLANG_WARN_OBJC_LITERAL_CONVERSION = YES;
				CLANG_WARN_OBJC_ROOT_CLASS = YES_ERROR;
				CLANG_WARN_RANGE_LOOP_ANALYSIS = YES;
				CLANG_WARN_STRICT_PROTOTYPES = YES;
				CLANG_WARN_SUSPICIOUS_MOVE = YES;
				CLANG_WARN_UNGUARDED_AVAILABILITY = YES_AGGRESSIVE;
				CLANG_WARN_UNREACHABLE_CODE = YES;
				CLANG_WARN__DUPLICATE_METHOD_MATCH = YES;
				CODE_SIGN_IDENTITY = "iPhone Developer";
				COPY_PHASE_STRIP = NO;
				DEBUG_INFORMATION_FORMAT = dwarf;
				ENABLE_STRICT_OBJC_MSGSEND = YES;
				ENABLE_TESTABILITY = YES;
				GCC_C_LANGUAGE_STANDARD = gnu11;
				GCC_DYNAMIC_NO_PIC = NO;
				GCC_NO_COMMON_BLOCKS = YES;
				GCC_OPTIMIZATION_LEVEL = 0;
				GCC_PREPROCESSOR_DEFINITIONS = (
					"DEBUG=1",
					"$(inherited)",
				);
				GCC_WARN_64_TO_32_BIT_CONVERSION = YES;
				GCC_WARN_ABOUT_RETURN_TYPE = YES_ERROR;
				GCC_WARN_UNDECLARED_SELECTOR = YES;
				GCC_WARN_UNINITIALIZED_AUTOS = YES_AGGRESSIVE;
				GCC_WARN_UNUSED_FUNCTION = YES;
				GCC_WARN_UNUSED_VARIABLE = YES;
				IPHONEOS_DEPLOYMENT_TARGET = 12.0;
				MTL_ENABLE_DEBUG_INFO = INCLUDE_SOURCE;
				MTL_FAST_MATH = YES;
				ONLY_ACTIVE_ARCH = YES;
				SDKROOT = iphoneos;
				SWIFT_ACTIVE_COMPILATION_CONDITIONS = DEBUG;
				SWIFT_OPTIMIZATION_LEVEL = "-Onone";
			};
			name = Debug;
		};
		D771F1BE21725774008A9FF1 /* Release */ = {
			isa = XCBuildConfiguration;
			buildSettings = {
				ALWAYS_SEARCH_USER_PATHS = NO;
				CLANG_ANALYZER_NONNULL = YES;
				CLANG_ANALYZER_NUMBER_OBJECT_CONVERSION = YES_AGGRESSIVE;
				CLANG_CXX_LANGUAGE_STANDARD = "gnu++14";
				CLANG_CXX_LIBRARY = "libc++";
				CLANG_ENABLE_MODULES = YES;
				CLANG_ENABLE_OBJC_ARC = YES;
				CLANG_ENABLE_OBJC_WEAK = YES;
				CLANG_WARN_BLOCK_CAPTURE_AUTORELEASING = YES;
				CLANG_WARN_BOOL_CONVERSION = YES;
				CLANG_WARN_COMMA = YES;
				CLANG_WARN_CONSTANT_CONVERSION = YES;
				CLANG_WARN_DEPRECATED_OBJC_IMPLEMENTATIONS = YES;
				CLANG_WARN_DIRECT_OBJC_ISA_USAGE = YES_ERROR;
				CLANG_WARN_DOCUMENTATION_COMMENTS = YES;
				CLANG_WARN_EMPTY_BODY = YES;
				CLANG_WARN_ENUM_CONVERSION = YES;
				CLANG_WARN_INFINITE_RECURSION = YES;
				CLANG_WARN_INT_CONVERSION = YES;
				CLANG_WARN_NON_LITERAL_NULL_CONVERSION = YES;
				CLANG_WARN_OBJC_IMPLICIT_RETAIN_SELF = YES;
				CLANG_WARN_OBJC_LITERAL_CONVERSION = YES;
				CLANG_WARN_OBJC_ROOT_CLASS = YES_ERROR;
				CLANG_WARN_RANGE_LOOP_ANALYSIS = YES;
				CLANG_WARN_STRICT_PROTOTYPES = YES;
				CLANG_WARN_SUSPICIOUS_MOVE = YES;
				CLANG_WARN_UNGUARDED_AVAILABILITY = YES_AGGRESSIVE;
				CLANG_WARN_UNREACHABLE_CODE = YES;
				CLANG_WARN__DUPLICATE_METHOD_MATCH = YES;
				CODE_SIGN_IDENTITY = "iPhone Developer";
				COPY_PHASE_STRIP = NO;
				DEBUG_INFORMATION_FORMAT = "dwarf-with-dsym";
				ENABLE_NS_ASSERTIONS = NO;
				ENABLE_STRICT_OBJC_MSGSEND = YES;
				GCC_C_LANGUAGE_STANDARD = gnu11;
				GCC_NO_COMMON_BLOCKS = YES;
				GCC_WARN_64_TO_32_BIT_CONVERSION = YES;
				GCC_WARN_ABOUT_RETURN_TYPE = YES_ERROR;
				GCC_WARN_UNDECLARED_SELECTOR = YES;
				GCC_WARN_UNINITIALIZED_AUTOS = YES_AGGRESSIVE;
				GCC_WARN_UNUSED_FUNCTION = YES;
				GCC_WARN_UNUSED_VARIABLE = YES;
				IPHONEOS_DEPLOYMENT_TARGET = 12.0;
				MTL_ENABLE_DEBUG_INFO = NO;
				MTL_FAST_MATH = YES;
				SDKROOT = iphoneos;
				SWIFT_COMPILATION_MODE = wholemodule;
				SWIFT_OPTIMIZATION_LEVEL = "-O";
				VALIDATE_PRODUCT = YES;
			};
			name = Release;
		};
		D771F1C021725774008A9FF1 /* Debug */ = {
			isa = XCBuildConfiguration;
			buildSettings = {
				ASSETCATALOG_COMPILER_APPICON_NAME = AppIcon;
				CODE_SIGN_STYLE = Automatic;
				INFOPLIST_FILE = "My Path Forward/Info.plist";
				LD_RUNPATH_SEARCH_PATHS = (
					"$(inherited)",
					"@executable_path/Frameworks",
				);
				PRODUCT_BUNDLE_IDENTIFIER = "com.mc.My-Path-Forward";
				PRODUCT_NAME = "$(TARGET_NAME)";
				SWIFT_VERSION = 4.2;
				TARGETED_DEVICE_FAMILY = "1,2";
			};
			name = Debug;
		};
		D771F1C121725774008A9FF1 /* Release */ = {
			isa = XCBuildConfiguration;
			buildSettings = {
				ASSETCATALOG_COMPILER_APPICON_NAME = AppIcon;
				CODE_SIGN_STYLE = Automatic;
				INFOPLIST_FILE = "My Path Forward/Info.plist";
				LD_RUNPATH_SEARCH_PATHS = (
					"$(inherited)",
					"@executable_path/Frameworks",
				);
				PRODUCT_BUNDLE_IDENTIFIER = "com.mc.My-Path-Forward";
				PRODUCT_NAME = "$(TARGET_NAME)";
				SWIFT_VERSION = 4.2;
				TARGETED_DEVICE_FAMILY = "1,2";
			};
			name = Release;
		};
		D771F1C321725774008A9FF1 /* Debug */ = {
			isa = XCBuildConfiguration;
			buildSettings = {
				ALWAYS_EMBED_SWIFT_STANDARD_LIBRARIES = YES;
				BUNDLE_LOADER = "$(TEST_HOST)";
				CODE_SIGN_STYLE = Automatic;
				INFOPLIST_FILE = "My Path ForwardTests/Info.plist";
				LD_RUNPATH_SEARCH_PATHS = (
					"$(inherited)",
					"@executable_path/Frameworks",
					"@loader_path/Frameworks",
				);
				PRODUCT_BUNDLE_IDENTIFIER = "com.mc.My-Path-ForwardTests";
				PRODUCT_NAME = "$(TARGET_NAME)";
				SWIFT_VERSION = 4.2;
				TARGETED_DEVICE_FAMILY = "1,2";
				TEST_HOST = "$(BUILT_PRODUCTS_DIR)/My Path Forward.app/My Path Forward";
			};
			name = Debug;
		};
		D771F1C421725774008A9FF1 /* Release */ = {
			isa = XCBuildConfiguration;
			buildSettings = {
				ALWAYS_EMBED_SWIFT_STANDARD_LIBRARIES = YES;
				BUNDLE_LOADER = "$(TEST_HOST)";
				CODE_SIGN_STYLE = Automatic;
				INFOPLIST_FILE = "My Path ForwardTests/Info.plist";
				LD_RUNPATH_SEARCH_PATHS = (
					"$(inherited)",
					"@executable_path/Frameworks",
					"@loader_path/Frameworks",
				);
				PRODUCT_BUNDLE_IDENTIFIER = "com.mc.My-Path-ForwardTests";
				PRODUCT_NAME = "$(TARGET_NAME)";
				SWIFT_VERSION = 4.2;
				TARGETED_DEVICE_FAMILY = "1,2";
				TEST_HOST = "$(BUILT_PRODUCTS_DIR)/My Path Forward.app/My Path Forward";
			};
			name = Release;
		};
		D771F1C621725774008A9FF1 /* Debug */ = {
			isa = XCBuildConfiguration;
			buildSettings = {
				ALWAYS_EMBED_SWIFT_STANDARD_LIBRARIES = YES;
				CODE_SIGN_STYLE = Automatic;
				INFOPLIST_FILE = "My Path ForwardUITests/Info.plist";
				LD_RUNPATH_SEARCH_PATHS = (
					"$(inherited)",
					"@executable_path/Frameworks",
					"@loader_path/Frameworks",
				);
				PRODUCT_BUNDLE_IDENTIFIER = "com.mc.My-Path-ForwardUITests";
				PRODUCT_NAME = "$(TARGET_NAME)";
				SWIFT_VERSION = 4.2;
				TARGETED_DEVICE_FAMILY = "1,2";
				TEST_TARGET_NAME = "My Path Forward";
			};
			name = Debug;
		};
		D771F1C721725774008A9FF1 /* Release */ = {
			isa = XCBuildConfiguration;
			buildSettings = {
				ALWAYS_EMBED_SWIFT_STANDARD_LIBRARIES = YES;
				CODE_SIGN_STYLE = Automatic;
				INFOPLIST_FILE = "My Path ForwardUITests/Info.plist";
				LD_RUNPATH_SEARCH_PATHS = (
					"$(inherited)",
					"@executable_path/Frameworks",
					"@loader_path/Frameworks",
				);
				PRODUCT_BUNDLE_IDENTIFIER = "com.mc.My-Path-ForwardUITests";
				PRODUCT_NAME = "$(TARGET_NAME)";
				SWIFT_VERSION = 4.2;
				TARGETED_DEVICE_FAMILY = "1,2";
				TEST_TARGET_NAME = "My Path Forward";
			};
			name = Release;
		};
/* End XCBuildConfiguration section */

/* Begin XCConfigurationList section */
		D771F19221725773008A9FF1 /* Build configuration list for PBXProject "My Path Forward" */ = {
			isa = XCConfigurationList;
			buildConfigurations = (
				D771F1BD21725774008A9FF1 /* Debug */,
				D771F1BE21725774008A9FF1 /* Release */,
			);
			defaultConfigurationIsVisible = 0;
			defaultConfigurationName = Release;
		};
		D771F1BF21725774008A9FF1 /* Build configuration list for PBXNativeTarget "My Path Forward" */ = {
			isa = XCConfigurationList;
			buildConfigurations = (
				D771F1C021725774008A9FF1 /* Debug */,
				D771F1C121725774008A9FF1 /* Release */,
			);
			defaultConfigurationIsVisible = 0;
			defaultConfigurationName = Release;
		};
		D771F1C221725774008A9FF1 /* Build configuration list for PBXNativeTarget "My Path ForwardTests" */ = {
			isa = XCConfigurationList;
			buildConfigurations = (
				D771F1C321725774008A9FF1 /* Debug */,
				D771F1C421725774008A9FF1 /* Release */,
			);
			defaultConfigurationIsVisible = 0;
			defaultConfigurationName = Release;
		};
		D771F1C521725774008A9FF1 /* Build configuration list for PBXNativeTarget "My Path ForwardUITests" */ = {
			isa = XCConfigurationList;
			buildConfigurations = (
				D771F1C621725774008A9FF1 /* Debug */,
				D771F1C721725774008A9FF1 /* Release */,
			);
			defaultConfigurationIsVisible = 0;
			defaultConfigurationName = Release;
		};
/* End XCConfigurationList section */
	};
	rootObject = D771F18F21725773008A9FF1 /* Project object */;
}
